
Microsoft Visual Studio Solution File, Format Version 12.00
# Visual Studio Version 17
VisualStudioVersion = 17.6.33815.320
MinimumVisualStudioVersion = 10.0.40219.1
Project("{8BC9CEB8-8B4A-11D0-8D11-00A0C91BC942}") = "0922", "0922.vcxproj", "{75D37D09-E9C7-4353-845A-8EE73EFF48E9}"
EndProject
Global
	GlobalSection(SolutionConfigurationPlatforms) = preSolution
		Debug|x64 = Debug|x64
		Debug|x86 = Debug|x86
		Release|x64 = Release|x64
		Release|x86 = Release|x86
	EndGlobalSection
	GlobalSection(ProjectConfigurationPlatforms) = postSolution
		{75D37D09-E9C7-4353-845A-8EE73EFF48E9}.Debug|x64.ActiveCfg = Debug|x64
		{75D37D09-E9C7-4353-845A-8EE73EFF48E9}.Debug|x64.Build.0 = Debug|x64
		{75D37D09-E9C7-4353-845A-8EE73EFF48E9}.Debug|x86.ActiveCfg = Debug|Win32
		{75D37D09-E9C7-4353-845A-8EE73EFF48E9}.Debug|x86.Build.0 = Debug|Win32
		{75D37D09-E9C7-4353-845A-8EE73EFF48E9}.Release|x64.ActiveCfg = Release|x64
		{75D37D09-E9C7-4353-845A-8EE73EFF48E9}.Release|x64.Build.0 = Release|x64
		{75D37D09-E9C7-4353-845A-8EE73EFF48E9}.Release|x86.ActiveCfg = Release|Win32
		{75D37D09-E9C7-4353-845A-8EE73EFF48E9}.Release|x86.Build.0 = Release|Win32
	EndGlobalSection
	GlobalSection(SolutionProperties) = preSolution
		HideSolutionNode = FALSE
	EndGlobalSection
	GlobalSection(ExtensibilityGlobals) = postSolution
		SolutionGuid = {5A122FB3-841F-4A7C-9DBF-2663E077E477}
	EndGlobalSection
EndGlobal
